
Microsoft Visual Studio Solution File, Format Version 12.00
# Visual Studio Version 17
VisualStudioVersion = 17.6.33717.318
MinimumVisualStudioVersion = 10.0.40219.1
Project("{9A19103F-16F7-4668-BE54-9A1E7A4F7556}") = "WinFormsApp1", "WinFormsApp1.csproj", "{B66B4082-66E1-48B2-B168-FCAD40A9A8AC}"
EndProject
Project("{FAE04EC0-301F-11D3-BF4B-00C04F79EFBC}") = "WorkerService1", "..\WorkerService1\WorkerService1.csproj", "{7127A7F9-7E1D-4CE6-9378-F56682E2B4CC}"
EndProject
Global
	GlobalSection(SolutionConfigurationPlatforms) = preSolution
		Debug|Any CPU = Debug|Any CPU
		Release|Any CPU = Release|Any CPU
	EndGlobalSection
	GlobalSection(ProjectConfigurationPlatforms) = postSolution
		{B66B4082-66E1-48B2-B168-FCAD40A9A8AC}.Debug|Any CPU.ActiveCfg = Debug|Any CPU
		{B66B4082-66E1-48B2-B168-FCAD40A9A8AC}.Debug|Any CPU.Build.0 = Debug|Any CPU
		{B66B4082-66E1-48B2-B168-FCAD40A9A8AC}.Release|Any CPU.ActiveCfg = Release|Any CPU
		{B66B4082-66E1-48B2-B168-FCAD40A9A8AC}.Release|Any CPU.Build.0 = Release|Any CPU
		{7127A7F9-7E1D-4CE6-9378-F56682E2B4CC}.Debug|Any CPU.ActiveCfg = Debug|Any CPU
		{7127A7F9-7E1D-4CE6-9378-F56682E2B4CC}.Debug|Any CPU.Build.0 = Debug|Any CPU
		{7127A7F9-7E1D-4CE6-9378-F56682E2B4CC}.Release|Any CPU.ActiveCfg = Release|Any CPU
		{7127A7F9-7E1D-4CE6-9378-F56682E2B4CC}.Release|Any CPU.Build.0 = Release|Any CPU
	EndGlobalSection
	GlobalSection(SolutionProperties) = preSolution
		HideSolutionNode = FALSE
	EndGlobalSection
	GlobalSection(ExtensibilityGlobals) = postSolution
		SolutionGuid = {80534BBC-8A6C-40EB-A173-153D9CE8672B}
	EndGlobalSection
EndGlobal
